
Microsoft Visual Studio Solution File, Format Version 12.00
Project("{FAE04EC0-301F-11D3-BF4B-00C04F79EFBC}") = "Shared", "Shared\Shared.csproj", "{0425D8B4-C3FC-4F0D-8F0A-ED5BB5494242}"
EndProject
Project("{FAE04EC0-301F-11D3-BF4B-00C04F79EFBC}") = "ClientSideBlazor", "ClientSideBlazor\ClientSideBlazor.csproj", "{DC4CA4E7-E7F9-4F81-99C9-4375A0CF50A7}"
EndProject
Project("{FAE04EC0-301F-11D3-BF4B-00C04F79EFBC}") = "Blazor_Server", "Blazor_Server\Blazor_Server.csproj", "{07B42726-60B3-4455-9CE0-D687FD793D9D}"
EndProject
Project("{FAE04EC0-301F-11D3-BF4B-00C04F79EFBC}") = "Client_Blazor_App", "Client_Blazor_App\Client_Blazor_App.csproj", "{D5638423-2CD1-4EEE-9951-0305F5A0703D}"
EndProject
Global
	GlobalSection(SolutionConfigurationPlatforms) = preSolution
		Debug|Any CPU = Debug|Any CPU
		Release|Any CPU = Release|Any CPU
	EndGlobalSection
	GlobalSection(ProjectConfigurationPlatforms) = postSolution
		{0425D8B4-C3FC-4F0D-8F0A-ED5BB5494242}.Debug|Any CPU.ActiveCfg = Debug|Any CPU
		{0425D8B4-C3FC-4F0D-8F0A-ED5BB5494242}.Debug|Any CPU.Build.0 = Debug|Any CPU
		{0425D8B4-C3FC-4F0D-8F0A-ED5BB5494242}.Release|Any CPU.ActiveCfg = Release|Any CPU
		{0425D8B4-C3FC-4F0D-8F0A-ED5BB5494242}.Release|Any CPU.Build.0 = Release|Any CPU
		{DC4CA4E7-E7F9-4F81-99C9-4375A0CF50A7}.Debug|Any CPU.ActiveCfg = Debug|Any CPU
		{DC4CA4E7-E7F9-4F81-99C9-4375A0CF50A7}.Debug|Any CPU.Build.0 = Debug|Any CPU
		{DC4CA4E7-E7F9-4F81-99C9-4375A0CF50A7}.Release|Any CPU.ActiveCfg = Release|Any CPU
		{DC4CA4E7-E7F9-4F81-99C9-4375A0CF50A7}.Release|Any CPU.Build.0 = Release|Any CPU
		{07B42726-60B3-4455-9CE0-D687FD793D9D}.Debug|Any CPU.ActiveCfg = Debug|Any CPU
		{07B42726-60B3-4455-9CE0-D687FD793D9D}.Debug|Any CPU.Build.0 = Debug|Any CPU
		{07B42726-60B3-4455-9CE0-D687FD793D9D}.Release|Any CPU.ActiveCfg = Release|Any CPU
		{07B42726-60B3-4455-9CE0-D687FD793D9D}.Release|Any CPU.Build.0 = Release|Any CPU
		{D5638423-2CD1-4EEE-9951-0305F5A0703D}.Debug|Any CPU.ActiveCfg = Debug|Any CPU
		{D5638423-2CD1-4EEE-9951-0305F5A0703D}.Debug|Any CPU.Build.0 = Debug|Any CPU
		{D5638423-2CD1-4EEE-9951-0305F5A0703D}.Release|Any CPU.ActiveCfg = Release|Any CPU
		{D5638423-2CD1-4EEE-9951-0305F5A0703D}.Release|Any CPU.Build.0 = Release|Any CPU
	EndGlobalSection
EndGlobal
